# This file is automatically @generated by Cargo.
# It is not intended for manual editing.
version = 4

[[package]]
name = "elasticctl-api"
version = "0.1.0"
dependencies = [
 "elasticctl-core",
]

[[package]]
name = "elasticctl-cli"
version = "0.1.0"
dependencies = [
 "elasticctl-api",
 "elasticctl-core",
]

[[package]]
name = "elasticctl-core"
version = "0.1.0"
